
Microsoft Visual Studio Solution File, Format Version 12.00
# Visual Studio Version 16
VisualStudioVersion = 16.0.32901.82
MinimumVisualStudioVersion = 10.0.40219.1
Project("{8BC9CEB8-8B4A-11D0-8D11-00A0C91BC942}") = "6.37", "6.37\6.37.vcxproj", "{6CB0F4AD-F006-415A-A9D7-E9BB21200042}"
EndProject
Global
	GlobalSection(SolutionConfigurationPlatforms) = preSolution
		Debug|x64 = Debug|x64
		Debug|x86 = Debug|x86
		Release|x64 = Release|x64
		Release|x86 = Release|x86
	EndGlobalSection
	GlobalSection(ProjectConfigurationPlatforms) = postSolution
		{6CB0F4AD-F006-415A-A9D7-E9BB21200042}.Debug|x64.ActiveCfg = Debug|x64
		{6CB0F4AD-F006-415A-A9D7-E9BB21200042}.Debug|x64.Build.0 = Debug|x64
		{6CB0F4AD-F006-415A-A9D7-E9BB21200042}.Debug|x86.ActiveCfg = Debug|Win32
		{6CB0F4AD-F006-415A-A9D7-E9BB21200042}.Debug|x86.Build.0 = Debug|Win32
		{6CB0F4AD-F006-415A-A9D7-E9BB21200042}.Release|x64.ActiveCfg = Release|x64
		{6CB0F4AD-F006-415A-A9D7-E9BB21200042}.Release|x64.Build.0 = Release|x64
		{6CB0F4AD-F006-415A-A9D7-E9BB21200042}.Release|x86.ActiveCfg = Release|Win32
		{6CB0F4AD-F006-415A-A9D7-E9BB21200042}.Release|x86.Build.0 = Release|Win32
	EndGlobalSection
	GlobalSection(SolutionProperties) = preSolution
		HideSolutionNode = FALSE
	EndGlobalSection
	GlobalSection(ExtensibilityGlobals) = postSolution
		SolutionGuid = {7001EE93-6EDE-42C1-A4AB-BA7AFA4F82D4}
	EndGlobalSection
EndGlobal
